# Code generated by scarb DO NOT EDIT.
version = 1

[[package]]
name = "chess"
version = "1.0.0-alpha.2"
dependencies = [
 "dojo",
]

[[package]]
name = "cubit"
version = "1.3.0"
source = "git+https://github.com/dojoengine/cubit?branch=cairo_2.7#53020b6320a10f2ab55b661be9b8d895aca945e9"

[[package]]
name = "dojo"
version = "0.7.3"
source = "git+https://github.com/dojoengine/dojo?tag=v1.0.0-alpha.2#8a1a652d9ea06f141645316f22e3916a148403ec"
dependencies = [
 "dojo_plugin",
]

[[package]]
name = "dojo_plugin"
version = "0.7.3"
source = "git+https://github.com/dojoengine/dojo?rev=d90b52b#d90b52b89749ac8af82f352dc08aa0b1378cfae6"

[[package]]
name = "governance"
version = "0.0.0"
dependencies = [
 "dojo",
]

[[package]]
name = "hex_map"
version = "0.0.0"
dependencies = [
 "cubit",
 "dojo",
 "origami",
]

[[package]]
name = "market"
version = "0.0.0"
dependencies = [
 "cubit",
 "dojo",
]

[[package]]
name = "matchmaker"
version = "0.0.0"
dependencies = [
 "dojo",
 "origami",
]

[[package]]
name = "origami"
version = "0.1.0"
dependencies = [
 "cubit",
]

[[package]]
name = "projectile"
version = "0.0.0"
dependencies = [
 "cubit",
 "dojo",
 "origami",
]

[[package]]
name = "token"
version = "0.0.0"
dependencies = [
 "dojo",
]
